PODS:
  - OAStackView (1.0.1)
  - RxCocoa (5.1.3):
    - RxRelay (~> 5)
    - RxSwift (~> 5)
  - RxRelay (5.1.3):
    - RxSwift (~> 5)
  - RxSwift (5.1.3)
  - SnapKit (4.2.0)

DEPENDENCIES:
  - OAStackView
  - RxCocoa
  - RxSwift
  - SnapKit

SPEC REPOS:
  trunk:
    - OAStackView
    - RxCocoa
    - RxRelay
    - RxSwift
    - SnapKit

SPEC CHECKSUMS:
  OAStackView: 95e7cb79cbea25c2342f496a44bdbe8bd4c8d510
  RxCocoa: e2ed092d5432e4296aa818021d27de4090ac0354
  RxRelay: 5a18c2eb2d68326ebaf0112f80d837ae41b92b97
  RxSwift: 915abbdfb62214aa89ccd0b194d44fb478019b27
  SnapKit: fe8a619752f3f27075cc9a90244d75c6c3f27e2a

PODFILE CHECKSUM: 614b50985f851902c2cc2c37a0709499eb2607ca

COCOAPODS: 1.11.0
