// !$*UTF8*$!
{
	archiveVersion = 1;
	classes = {
	};
	objectVersion = 46;
	objects = {

/* Begin PBXBuildFile section */
		42AF353C1C6EC0370046F454 /* NKit.h in Headers */ = {isa = PBXBuildFile; fileRef = 42AF353B1C6EC0370046F454 /* NKit.h */; settings = {ATTRIBUTES = (Public, ); }; };
		42AF35811C6EC1ED0046F454 /* SnapKit.framework in Frameworks */ = {isa = PBXBuildFile; fileRef = 42AF35801C6EC1EC0046F454 /* SnapKit.framework */; };
		42AF35A01C6EC3BC0046F454 /* UIAlertController+Extension.swift in Sources */ = {isa = PBXBuildFile; fileRef = 42AF35831C6EC3BC0046F454 /* UIAlertController+Extension.swift */; };
		42AF35A11C6EC3BC0046F454 /* UIButton+Extension.swift in Sources */ = {isa = PBXBuildFile; fileRef = 42AF35851C6EC3BC0046F454 /* UIButton+Extension.swift */; };
		42AF35A21C6EC3BC0046F454 /* UIColor+Extension.swift in Sources */ = {isa = PBXBuildFile; fileRef = 42AF35871C6EC3BC0046F454 /* UIColor+Extension.swift */; };
		42AF35A31C6EC3BC0046F454 /* UIImage+Color.swift in Sources */ = {isa = PBXBuildFile; fileRef = 42AF35891C6EC3BC0046F454 /* UIImage+Color.swift */; };
		42AF35A41C6EC3BC0046F454 /* UIImage+Resize.swift in Sources */ = {isa = PBXBuildFile; fileRef = 42AF358A1C6EC3BC0046F454 /* UIImage+Resize.swift */; };
		42AF35A51C6EC3BC0046F454 /* UIImageView+Extension.swift in Sources */ = {isa = PBXBuildFile; fileRef = 42AF358C1C6EC3BC0046F454 /* UIImageView+Extension.swift */; };
		42AF35A61C6EC3BC0046F454 /* UILabel+Extension.swift in Sources */ = {isa = PBXBuildFile; fileRef = 42AF358E1C6EC3BC0046F454 /* UILabel+Extension.swift */; };
		42AF35A71C6EC3BC0046F454 /* UINavigationController+Animation.swift in Sources */ = {isa = PBXBuildFile; fileRef = 42AF35911C6EC3BC0046F454 /* UINavigationController+Animation.swift */; };
		42AF35A81C6EC3BC0046F454 /* UIView+Animation.swift in Sources */ = {isa = PBXBuildFile; fileRef = 42AF35931C6EC3BC0046F454 /* UIView+Animation.swift */; };
		42AF35A91C6EC3BC0046F454 /* UIView+SnapKitAutolayout.swift in Sources */ = {isa = PBXBuildFile; fileRef = 42AF35941C6EC3BC0046F454 /* UIView+SnapKitAutolayout.swift */; };
		42AF35AA1C6EC3BC0046F454 /* UIView+Frame.swift in Sources */ = {isa = PBXBuildFile; fileRef = 42AF35951C6EC3BC0046F454 /* UIView+Frame.swift */; };
		42AF35AB1C6EC3BC0046F454 /* UIView+Utilities.swift in Sources */ = {isa = PBXBuildFile; fileRef = 42AF35961C6EC3BC0046F454 /* UIView+Utilities.swift */; };
		42AF35AC1C6EC3BC0046F454 /* UIViewController+Loading.swift in Sources */ = {isa = PBXBuildFile; fileRef = 42AF35981C6EC3BC0046F454 /* UIViewController+Loading.swift */; };
		42AF35AD1C6EC3BC0046F454 /* UIViewController+NavigationBar.swift in Sources */ = {isa = PBXBuildFile; fileRef = 42AF35991C6EC3BC0046F454 /* UIViewController+NavigationBar.swift */; };
		42AF35B01C6EC3BC0046F454 /* NKScreenSize.swift in Sources */ = {isa = PBXBuildFile; fileRef = 42AF359D1C6EC3BC0046F454 /* NKScreenSize.swift */; };
		42AF35B21C6EC3BC0046F454 /* NKUtilities.swift in Sources */ = {isa = PBXBuildFile; fileRef = 42AF359F1C6EC3BC0046F454 /* NKUtilities.swift */; };
		42AF35B51C6EC60B0046F454 /* CALayer+Closure.swift in Sources */ = {isa = PBXBuildFile; fileRef = 42AF35B41C6EC60B0046F454 /* CALayer+Closure.swift */; };
		42AF35B71C6ECC550046F454 /* NKConstants.swift in Sources */ = {isa = PBXBuildFile; fileRef = 42AF35B61C6ECC550046F454 /* NKConstants.swift */; };
		42AF35B91C6ECCD40046F454 /* UIView+AutoLayout.swift in Sources */ = {isa = PBXBuildFile; fileRef = 42AF35B81C6ECCD40046F454 /* UIView+AutoLayout.swift */; };
		42AF35BC1C6ED30E0046F454 /* String+Extension.swift in Sources */ = {isa = PBXBuildFile; fileRef = 42AF35BB1C6ED30E0046F454 /* String+Extension.swift */; };
/* End PBXBuildFile section */

/* Begin PBXFileReference section */
		42AF35381C6EC0370046F454 /* NKit.framework */ = {isa = PBXFileReference; explicitFileType = wrapper.framework; includeInIndex = 0; path = NKit.framework; sourceTree = BUILT_PRODUCTS_DIR; };
		42AF353B1C6EC0370046F454 /* NKit.h */ = {isa = PBXFileReference; lastKnownFileType = sourcecode.c.h; path = NKit.h; sourceTree = "<group>"; };
		42AF353D1C6EC0370046F454 /* Info.plist */ = {isa = PBXFileReference; lastKnownFileType = text.plist.xml; path = Info.plist; sourceTree = "<group>"; };
		42AF35801C6EC1EC0046F454 /* SnapKit.framework */ = {isa = PBXFileReference; lastKnownFileType = wrapper.framework; name = SnapKit.framework; path = ../Carthage/Build/iOS/SnapKit.framework; sourceTree = "<group>"; };
		42AF35831C6EC3BC0046F454 /* UIAlertController+Extension.swift */ = {isa = PBXFileReference; fileEncoding = 4; lastKnownFileType = sourcecode.swift; path = "UIAlertController+Extension.swift"; sourceTree = "<group>"; };
		42AF35851C6EC3BC0046F454 /* UIButton+Extension.swift */ = {isa = PBXFileReference; fileEncoding = 4; lastKnownFileType = sourcecode.swift; path = "UIButton+Extension.swift"; sourceTree = "<group>"; };
		42AF35871C6EC3BC0046F454 /* UIColor+Extension.swift */ = {isa = PBXFileReference; fileEncoding = 4; lastKnownFileType = sourcecode.swift; path = "UIColor+Extension.swift"; sourceTree = "<group>"; };
		42AF35891C6EC3BC0046F454 /* UIImage+Color.swift */ = {isa = PBXFileReference; fileEncoding = 4; lastKnownFileType = sourcecode.swift; path = "UIImage+Color.swift"; sourceTree = "<group>"; };
		42AF358A1C6EC3BC0046F454 /* UIImage+Resize.swift */ = {isa = PBXFileReference; fileEncoding = 4; lastKnownFileType = sourcecode.swift; path = "UIImage+Resize.swift"; sourceTree = "<group>"; };
		42AF358C1C6EC3BC0046F454 /* UIImageView+Extension.swift */ = {isa = PBXFileReference; fileEncoding = 4; lastKnownFileType = sourcecode.swift; path = "UIImageView+Extension.swift"; sourceTree = "<group>"; };
		42AF358E1C6EC3BC0046F454 /* UILabel+Extension.swift */ = {isa = PBXFileReference; fileEncoding = 4; lastKnownFileType = sourcecode.swift; path = "UILabel+Extension.swift"; sourceTree = "<group>"; };
		42AF35911C6EC3BC0046F454 /* UINavigationController+Animation.swift */ = {isa = PBXFileReference; fileEncoding = 4; lastKnownFileType = sourcecode.swift; path = "UINavigationController+Animation.swift"; sourceTree = "<group>"; };
		42AF35931C6EC3BC0046F454 /* UIView+Animation.swift */ = {isa = PBXFileReference; fileEncoding = 4; lastKnownFileType = sourcecode.swift; path = "UIView+Animation.swift"; sourceTree = "<group>"; };
		42AF35941C6EC3BC0046F454 /* UIView+SnapKitAutolayout.swift */ = {isa = PBXFileReference; fileEncoding = 4; lastKnownFileType = sourcecode.swift; path = "UIView+SnapKitAutolayout.swift"; sourceTree = "<group>"; };
		42AF35951C6EC3BC0046F454 /* UIView+Frame.swift */ = {isa = PBXFileReference; fileEncoding = 4; lastKnownFileType = sourcecode.swift; path = "UIView+Frame.swift"; sourceTree = "<group>"; };
		42AF35961C6EC3BC0046F454 /* UIView+Utilities.swift */ = {isa = PBXFileReference; fileEncoding = 4; lastKnownFileType = sourcecode.swift; path = "UIView+Utilities.swift"; sourceTree = "<group>"; };
		42AF35981C6EC3BC0046F454 /* UIViewController+Loading.swift */ = {isa = PBXFileReference; fileEncoding = 4; lastKnownFileType = sourcecode.swift; path = "UIViewController+Loading.swift"; sourceTree = "<group>"; };
		42AF35991C6EC3BC0046F454 /* UIViewController+NavigationBar.swift */ = {isa = PBXFileReference; fileEncoding = 4; lastKnownFileType = sourcecode.swift; path = "UIViewController+NavigationBar.swift"; sourceTree = "<group>"; };
		42AF359D1C6EC3BC0046F454 /* NKScreenSize.swift */ = {isa = PBXFileReference; fileEncoding = 4; lastKnownFileType = sourcecode.swift; path = NKScreenSize.swift; sourceTree = "<group>"; };
		42AF359F1C6EC3BC0046F454 /* NKUtilities.swift */ = {isa = PBXFileReference; fileEncoding = 4; lastKnownFileType = sourcecode.swift; path = NKUtilities.swift; sourceTree = "<group>"; };
		42AF35B41C6EC60B0046F454 /* CALayer+Closure.swift */ = {isa = PBXFileReference; fileEncoding = 4; lastKnownFileType = sourcecode.swift; path = "CALayer+Closure.swift"; sourceTree = "<group>"; };
		42AF35B61C6ECC550046F454 /* NKConstants.swift */ = {isa = PBXFileReference; fileEncoding = 4; lastKnownFileType = sourcecode.swift; path = NKConstants.swift; sourceTree = "<group>"; };
		42AF35B81C6ECCD40046F454 /* UIView+AutoLayout.swift */ = {isa = PBXFileReference; fileEncoding = 4; lastKnownFileType = sourcecode.swift; path = "UIView+AutoLayout.swift"; sourceTree = "<group>"; };
		42AF35BB1C6ED30E0046F454 /* String+Extension.swift */ = {isa = PBXFileReference; fileEncoding = 4; lastKnownFileType = sourcecode.swift; path = "String+Extension.swift"; sourceTree = "<group>"; };
/* End PBXFileReference section */

/* Begin PBXFrameworksBuildPhase section */
		42AF35341C6EC0370046F454 /* Frameworks */ = {
			isa = PBXFrameworksBuildPhase;
			buildActionMask = 2147483647;
			files = (
				42AF35811C6EC1ED0046F454 /* SnapKit.framework in Frameworks */,
			);
			runOnlyForDeploymentPostprocessing = 0;
		};
/* End PBXFrameworksBuildPhase section */

/* Begin PBXGroup section */
		42AF352E1C6EC0370046F454 = {
			isa = PBXGroup;
			children = (
				42AF35801C6EC1EC0046F454 /* SnapKit.framework */,
				42AF353A1C6EC0370046F454 /* NKit */,
				42AF35391C6EC0370046F454 /* Products */,
			);
			sourceTree = "<group>";
		};
		42AF35391C6EC0370046F454 /* Products */ = {
			isa = PBXGroup;
			children = (
				42AF35381C6EC0370046F454 /* NKit.framework */,
			);
			name = Products;
			sourceTree = "<group>";
		};
		42AF353A1C6EC0370046F454 /* NKit */ = {
			isa = PBXGroup;
			children = (
				42AF35BA1C6ED30E0046F454 /* String */,
				42AF35B31C6EC60B0046F454 /* CALayer */,
				42AF35821C6EC3BC0046F454 /* UIAlertController */,
				42AF35841C6EC3BC0046F454 /* UIButton */,
				42AF35861C6EC3BC0046F454 /* UIColor */,
				42AF35881C6EC3BC0046F454 /* UIImage */,
				42AF358B1C6EC3BC0046F454 /* UIImageView */,
				42AF358D1C6EC3BC0046F454 /* UILabel */,
				42AF35901C6EC3BC0046F454 /* UINavigationController */,
				42AF35921C6EC3BC0046F454 /* UIView */,
				42AF35971C6EC3BC0046F454 /* UIViewController */,
				42AF359A1C6EC3BC0046F454 /* Utilities */,
				42AF353B1C6EC0370046F454 /* NKit.h */,
				42AF353D1C6EC0370046F454 /* Info.plist */,
			);
			path = NKit;
			sourceTree = "<group>";
		};
		42AF35821C6EC3BC0046F454 /* UIAlertController */ = {
			isa = PBXGroup;
			children = (
				42AF35831C6EC3BC0046F454 /* UIAlertController+Extension.swift */,
			);
			path = UIAlertController;
			sourceTree = "<group>";
		};
		42AF35841C6EC3BC0046F454 /* UIButton */ = {
			isa = PBXGroup;
			children = (
				42AF35851C6EC3BC0046F454 /* UIButton+Extension.swift */,
			);
			path = UIButton;
			sourceTree = "<group>";
		};
		42AF35861C6EC3BC0046F454 /* UIColor */ = {
			isa = PBXGroup;
			children = (
				42AF35871C6EC3BC0046F454 /* UIColor+Extension.swift */,
			);
			path = UIColor;
			sourceTree = "<group>";
		};
		42AF35881C6EC3BC0046F454 /* UIImage */ = {
			isa = PBXGroup;
			children = (
				42AF35891C6EC3BC0046F454 /* UIImage+Color.swift */,
				42AF358A1C6EC3BC0046F454 /* UIImage+Resize.swift */,
			);
			path = UIImage;
			sourceTree = "<group>";
		};
		42AF358B1C6EC3BC0046F454 /* UIImageView */ = {
			isa = PBXGroup;
			children = (
				42AF358C1C6EC3BC0046F454 /* UIImageView+Extension.swift */,
			);
			path = UIImageView;
			sourceTree = "<group>";
		};
		42AF358D1C6EC3BC0046F454 /* UILabel */ = {
			isa = PBXGroup;
			children = (
				42AF358E1C6EC3BC0046F454 /* UILabel+Extension.swift */,
			);
			path = UILabel;
			sourceTree = "<group>";
		};
		42AF35901C6EC3BC0046F454 /* UINavigationController */ = {
			isa = PBXGroup;
			children = (
				42AF35911C6EC3BC0046F454 /* UINavigationController+Animation.swift */,
			);
			path = UINavigationController;
			sourceTree = "<group>";
		};
		42AF35921C6EC3BC0046F454 /* UIView */ = {
			isa = PBXGroup;
			children = (
				42AF35B81C6ECCD40046F454 /* UIView+AutoLayout.swift */,
				42AF35931C6EC3BC0046F454 /* UIView+Animation.swift */,
				42AF35941C6EC3BC0046F454 /* UIView+SnapKitAutolayout.swift */,
				42AF35951C6EC3BC0046F454 /* UIView+Frame.swift */,
				42AF35961C6EC3BC0046F454 /* UIView+Utilities.swift */,
			);
			path = UIView;
			sourceTree = "<group>";
		};
		42AF35971C6EC3BC0046F454 /* UIViewController */ = {
			isa = PBXGroup;
			children = (
				42AF35981C6EC3BC0046F454 /* UIViewController+Loading.swift */,
				42AF35991C6EC3BC0046F454 /* UIViewController+NavigationBar.swift */,
			);
			path = UIViewController;
			sourceTree = "<group>";
		};
		42AF359A1C6EC3BC0046F454 /* Utilities */ = {
			isa = PBXGroup;
			children = (
				42AF359D1C6EC3BC0046F454 /* NKScreenSize.swift */,
				42AF359F1C6EC3BC0046F454 /* NKUtilities.swift */,
				42AF35B61C6ECC550046F454 /* NKConstants.swift */,
			);
			path = Utilities;
			sourceTree = "<group>";
		};
		42AF35B31C6EC60B0046F454 /* CALayer */ = {
			isa = PBXGroup;
			children = (
				42AF35B41C6EC60B0046F454 /* CALayer+Closure.swift */,
			);
			path = CALayer;
			sourceTree = "<group>";
		};
		42AF35BA1C6ED30E0046F454 /* String */ = {
			isa = PBXGroup;
			children = (
				42AF35BB1C6ED30E0046F454 /* String+Extension.swift */,
			);
			path = String;
			sourceTree = "<group>";
		};
/* End PBXGroup section */

/* Begin PBXHeadersBuildPhase section */
		42AF35351C6EC0370046F454 /* Headers */ = {
			isa = PBXHeadersBuildPhase;
			buildActionMask = 2147483647;
			files = (
				42AF353C1C6EC0370046F454 /* NKit.h in Headers */,
			);
			runOnlyForDeploymentPostprocessing = 0;
		};
/* End PBXHeadersBuildPhase section */

/* Begin PBXNativeTarget section */
		42AF35371C6EC0370046F454 /* NKit */ = {
			isa = PBXNativeTarget;
			buildConfigurationList = 42AF35401C6EC0370046F454 /* Build configuration list for PBXNativeTarget "NKit" */;
			buildPhases = (
				42AF35331C6EC0370046F454 /* Sources */,
				42AF35341C6EC0370046F454 /* Frameworks */,
				42AF35351C6EC0370046F454 /* Headers */,
				42AF35361C6EC0370046F454 /* Resources */,
			);
			buildRules = (
			);
			dependencies = (
			);
			name = NKit;
			productName = NKit;
			productReference = 42AF35381C6EC0370046F454 /* NKit.framework */;
			productType = "com.apple.product-type.framework";
		};
/* End PBXNativeTarget section */

/* Begin PBXProject section */
		42AF352F1C6EC0370046F454 /* Project object */ = {
			isa = PBXProject;
			attributes = {
				LastUpgradeCheck = 0720;
				ORGANIZATIONNAME = knacker;
				TargetAttributes = {
					42AF35371C6EC0370046F454 = {
						CreatedOnToolsVersion = 7.2;
					};
				};
			};
			buildConfigurationList = 42AF35321C6EC0370046F454 /* Build configuration list for PBXProject "NKit" */;
			compatibilityVersion = "Xcode 3.2";
			developmentRegion = English;
			hasScannedForEncodings = 0;
			knownRegions = (
				en,
			);
			mainGroup = 42AF352E1C6EC0370046F454;
			productRefGroup = 42AF35391C6EC0370046F454 /* Products */;
			projectDirPath = "";
			projectRoot = "";
			targets = (
				42AF35371C6EC0370046F454 /* NKit */,
			);
		};
/* End PBXProject section */

/* Begin PBXResourcesBuildPhase section */
		42AF35361C6EC0370046F454 /* Resources */ = {
			isa = PBXResourcesBuildPhase;
			buildActionMask = 2147483647;
			files = (
			);
			runOnlyForDeploymentPostprocessing = 0;
		};
/* End PBXResourcesBuildPhase section */

/* Begin PBXSourcesBuildPhase section */
		42AF35331C6EC0370046F454 /* Sources */ = {
			isa = PBXSourcesBuildPhase;
			buildActionMask = 2147483647;
			files = (
				42AF35B71C6ECC550046F454 /* NKConstants.swift in Sources */,
				42AF35A51C6EC3BC0046F454 /* UIImageView+Extension.swift in Sources */,
				42AF35B51C6EC60B0046F454 /* CALayer+Closure.swift in Sources */,
				42AF35A01C6EC3BC0046F454 /* UIAlertController+Extension.swift in Sources */,
				42AF35A81C6EC3BC0046F454 /* UIView+Animation.swift in Sources */,
				42AF35A61C6EC3BC0046F454 /* UILabel+Extension.swift in Sources */,
				42AF35A31C6EC3BC0046F454 /* UIImage+Color.swift in Sources */,
				42AF35AB1C6EC3BC0046F454 /* UIView+Utilities.swift in Sources */,
				42AF35BC1C6ED30E0046F454 /* String+Extension.swift in Sources */,
				42AF35AD1C6EC3BC0046F454 /* UIViewController+NavigationBar.swift in Sources */,
				42AF35B21C6EC3BC0046F454 /* NKUtilities.swift in Sources */,
				42AF35A21C6EC3BC0046F454 /* UIColor+Extension.swift in Sources */,
				42AF35AC1C6EC3BC0046F454 /* UIViewController+Loading.swift in Sources */,
				42AF35B01C6EC3BC0046F454 /* NKScreenSize.swift in Sources */,
				42AF35B91C6ECCD40046F454 /* UIView+AutoLayout.swift in Sources */,
				42AF35A41C6EC3BC0046F454 /* UIImage+Resize.swift in Sources */,
				42AF35A91C6EC3BC0046F454 /* UIView+SnapKitAutolayout.swift in Sources */,
				42AF35A71C6EC3BC0046F454 /* UINavigationController+Animation.swift in Sources */,
				42AF35A11C6EC3BC0046F454 /* UIButton+Extension.swift in Sources */,
				42AF35AA1C6EC3BC0046F454 /* UIView+Frame.swift in Sources */,
			);
			runOnlyForDeploymentPostprocessing = 0;
		};
/* End PBXSourcesBuildPhase section */

/* Begin XCBuildConfiguration section */
		42AF353E1C6EC0370046F454 /* Debug */ = {
			isa = XCBuildConfiguration;
			buildSettings = {
				ALWAYS_SEARCH_USER_PATHS = NO;
				CLANG_CXX_LANGUAGE_STANDARD = "gnu++0x";
				CLANG_CXX_LIBRARY = "libc++";
				CLANG_ENABLE_MODULES = YES;
				CLANG_ENABLE_OBJC_ARC = YES;
				CLANG_WARN_BOOL_CONVERSION = YES;
				CLANG_WARN_CONSTANT_CONVERSION = YES;
				CLANG_WARN_DIRECT_OBJC_ISA_USAGE = YES_ERROR;
				CLANG_WARN_EMPTY_BODY = YES;
				CLANG_WARN_ENUM_CONVERSION = YES;
				CLANG_WARN_INT_CONVERSION = YES;
				CLANG_WARN_OBJC_ROOT_CLASS = YES_ERROR;
				CLANG_WARN_UNREACHABLE_CODE = YES;
				CLANG_WARN__DUPLICATE_METHOD_MATCH = YES;
				"CODE_SIGN_IDENTITY[sdk=iphoneos*]" = "iPhone Developer";
				COPY_PHASE_STRIP = NO;
				CURRENT_PROJECT_VERSION = 1;
				DEBUG_INFORMATION_FORMAT = dwarf;
				ENABLE_STRICT_OBJC_MSGSEND = YES;
				ENABLE_TESTABILITY = YES;
				GCC_C_LANGUAGE_STANDARD = gnu99;
				GCC_DYNAMIC_NO_PIC = NO;
				GCC_NO_COMMON_BLOCKS = YES;
				GCC_OPTIMIZATION_LEVEL = 0;
				GCC_PREPROCESSOR_DEFINITIONS = (
					"DEBUG=1",
					"$(inherited)",
				);
				GCC_WARN_64_TO_32_BIT_CONVERSION = YES;
				GCC_WARN_ABOUT_RETURN_TYPE = YES_ERROR;
				GCC_WARN_UNDECLARED_SELECTOR = YES;
				GCC_WARN_UNINITIALIZED_AUTOS = YES_AGGRESSIVE;
				GCC_WARN_UNUSED_FUNCTION = YES;
				GCC_WARN_UNUSED_VARIABLE = YES;
				IPHONEOS_DEPLOYMENT_TARGET = 9.2;
				MTL_ENABLE_DEBUG_INFO = YES;
				ONLY_ACTIVE_ARCH = YES;
				SDKROOT = iphoneos;
				SWIFT_OPTIMIZATION_LEVEL = "-Onone";
				TARGETED_DEVICE_FAMILY = "1,2";
				VERSIONING_SYSTEM = "apple-generic";
				VERSION_INFO_PREFIX = "";
			};
			name = Debug;
		};
		42AF353F1C6EC0370046F454 /* Release */ = {
			isa = XCBuildConfiguration;
			buildSettings = {
				ALWAYS_SEARCH_USER_PATHS = NO;
				CLANG_CXX_LANGUAGE_STANDARD = "gnu++0x";
				CLANG_CXX_LIBRARY = "libc++";
				CLANG_ENABLE_MODULES = YES;
				CLANG_ENABLE_OBJC_ARC = YES;
				CLANG_WARN_BOOL_CONVERSION = YES;
				CLANG_WARN_CONSTANT_CONVERSION = YES;
				CLANG_WARN_DIRECT_OBJC_ISA_USAGE = YES_ERROR;
				CLANG_WARN_EMPTY_BODY = YES;
				CLANG_WARN_ENUM_CONVERSION = YES;
				CLANG_WARN_INT_CONVERSION = YES;
				CLANG_WARN_OBJC_ROOT_CLASS = YES_ERROR;
				CLANG_WARN_UNREACHABLE_CODE = YES;
				CLANG_WARN__DUPLICATE_METHOD_MATCH = YES;
				"CODE_SIGN_IDENTITY[sdk=iphoneos*]" = "iPhone Developer";
				COPY_PHASE_STRIP = NO;
				CURRENT_PROJECT_VERSION = 1;
				DEBUG_INFORMATION_FORMAT = "dwarf-with-dsym";
				ENABLE_NS_ASSERTIONS = NO;
				ENABLE_STRICT_OBJC_MSGSEND = YES;
				GCC_C_LANGUAGE_STANDARD = gnu99;
				GCC_NO_COMMON_BLOCKS = YES;
				GCC_WARN_64_TO_32_BIT_CONVERSION = YES;
				GCC_WARN_ABOUT_RETURN_TYPE = YES_ERROR;
				GCC_WARN_UNDECLARED_SELECTOR = YES;
				GCC_WARN_UNINITIALIZED_AUTOS = YES_AGGRESSIVE;
				GCC_WARN_UNUSED_FUNCTION = YES;
				GCC_WARN_UNUSED_VARIABLE = YES;
				IPHONEOS_DEPLOYMENT_TARGET = 9.2;
				MTL_ENABLE_DEBUG_INFO = NO;
				SDKROOT = iphoneos;
				TARGETED_DEVICE_FAMILY = "1,2";
				VALIDATE_PRODUCT = YES;
				VERSIONING_SYSTEM = "apple-generic";
				VERSION_INFO_PREFIX = "";
			};
			name = Release;
		};
		42AF35411C6EC0370046F454 /* Debug */ = {
			isa = XCBuildConfiguration;
			buildSettings = {
				DEFINES_MODULE = YES;
				DYLIB_COMPATIBILITY_VERSION = 1;
				DYLIB_CURRENT_VERSION = 1;
				DYLIB_INSTALL_NAME_BASE = "@rpath";
				FRAMEWORK_SEARCH_PATHS = "${SRCROOT}/../Carthage/Build/iOS";
				INFOPLIST_FILE = NKit/Info.plist;
				INSTALL_PATH = "$(LOCAL_LIBRARY_DIR)/Frameworks";
				LD_RUNPATH_SEARCH_PATHS = "$(inherited) @executable_path/Frameworks @loader_path/Frameworks";
				PRODUCT_BUNDLE_IDENTIFIER = com.knacker.NKit;
				PRODUCT_NAME = "$(TARGET_NAME)";
				SKIP_INSTALL = YES;
			};
			name = Debug;
		};
		42AF35421C6EC0370046F454 /* Release */ = {
			isa = XCBuildConfiguration;
			buildSettings = {
				DEFINES_MODULE = YES;
				DYLIB_COMPATIBILITY_VERSION = 1;
				DYLIB_CURRENT_VERSION = 1;
				DYLIB_INSTALL_NAME_BASE = "@rpath";
				FRAMEWORK_SEARCH_PATHS = "${SRCROOT}/../Carthage/Build/iOS";
				INFOPLIST_FILE = NKit/Info.plist;
				INSTALL_PATH = "$(LOCAL_LIBRARY_DIR)/Frameworks";
				LD_RUNPATH_SEARCH_PATHS = "$(inherited) @executable_path/Frameworks @loader_path/Frameworks";
				PRODUCT_BUNDLE_IDENTIFIER = com.knacker.NKit;
				PRODUCT_NAME = "$(TARGET_NAME)";
				SKIP_INSTALL = YES;
			};
			name = Release;
		};
/* End XCBuildConfiguration section */

/* Begin XCConfigurationList section */
		42AF35321C6EC0370046F454 /* Build configuration list for PBXProject "NKit" */ = {
			isa = XCConfigurationList;
			buildConfigurations = (
				42AF353E1C6EC0370046F454 /* Debug */,
				42AF353F1C6EC0370046F454 /* Release */,
			);
			defaultConfigurationIsVisible = 0;
			defaultConfigurationName = Release;
		};
		42AF35401C6EC0370046F454 /* Build configuration list for PBXNativeTarget "NKit" */ = {
			isa = XCConfigurationList;
			buildConfigurations = (
				42AF35411C6EC0370046F454 /* Debug */,
				42AF35421C6EC0370046F454 /* Release */,
			);
			defaultConfigurationIsVisible = 0;
			defaultConfigurationName = Release;
		};
/* End XCConfigurationList section */
	};
	rootObject = 42AF352F1C6EC0370046F454 /* Project object */;
}
